
Microsoft Visual Studio Solution File, Format Version 12.00
# Visual Studio Version 16
VisualStudioVersion = 16.0.31129.286
MinimumVisualStudioVersion = 10.0.40219.1
Project("{FAE04EC0-301F-11D3-BF4B-00C04F79EFBC}") = "CryptoBot", "CryptoBot\CryptoBot.csproj", "{55240A2D-2BBD-4D04-962D-2BB5AD6944D7}"
EndProject
Global
	GlobalSection(SolutionConfigurationPlatforms) = preSolution
		Debug|Any CPU = Debug|Any CPU
		Release|Any CPU = Release|Any CPU
	EndGlobalSection
	GlobalSection(ProjectConfigurationPlatforms) = postSolution
		{55240A2D-2BBD-4D04-962D-2BB5AD6944D7}.Debug|Any CPU.ActiveCfg = Debug|Any CPU
		{55240A2D-2BBD-4D04-962D-2BB5AD6944D7}.Debug|Any CPU.Build.0 = Debug|Any CPU
		{55240A2D-2BBD-4D04-962D-2BB5AD6944D7}.Release|Any CPU.ActiveCfg = Release|Any CPU
		{55240A2D-2BBD-4D04-962D-2BB5AD6944D7}.Release|Any CPU.Build.0 = Release|Any CPU
	EndGlobalSection
	GlobalSection(SolutionProperties) = preSolution
		HideSolutionNode = FALSE
	EndGlobalSection
	GlobalSection(ExtensibilityGlobals) = postSolution
		SolutionGuid = {3EE16030-D43E-45EA-8E13-1B1D25AA1357}
	EndGlobalSection
EndGlobal
